
Microsoft Visual Studio Solution File, Format Version 12.00
# Visual Studio 15
VisualStudioVersion = 15.0.27428.2037
MinimumVisualStudioVersion = 10.0.40219.1
Project("{FAE04EC0-301F-11D3-BF4B-00C04F79EFBC}") = "UnitTestProject", "UnitTestProject\UnitTestProject.csproj", "{CD5DC20C-F41F-4F28-8712-124EE68988D3}"
EndProject
Project("{9A19103F-16F7-4668-BE54-9A1E7A4F7556}") = "StarWarsConsole", "StarWarsConsole\StarWarsConsole.csproj", "{D68859E3-76F1-43EC-8DC7-FFC1B0304C19}"
EndProject
Project("{9A19103F-16F7-4668-BE54-9A1E7A4F7556}") = "StarWarsChallenge", "StarWarsChallenge\StarWarsChallenge.csproj", "{E00C3AEB-D3DB-425C-9C76-38704FF983CE}"
EndProject
Global
	GlobalSection(SolutionConfigurationPlatforms) = preSolution
		Debug|Any CPU = Debug|Any CPU
		Release|Any CPU = Release|Any CPU
	EndGlobalSection
	GlobalSection(ProjectConfigurationPlatforms) = postSolution
		{CD5DC20C-F41F-4F28-8712-124EE68988D3}.Debug|Any CPU.ActiveCfg = Debug|Any CPU
		{CD5DC20C-F41F-4F28-8712-124EE68988D3}.Debug|Any CPU.Build.0 = Debug|Any CPU
		{CD5DC20C-F41F-4F28-8712-124EE68988D3}.Release|Any CPU.ActiveCfg = Release|Any CPU
		{CD5DC20C-F41F-4F28-8712-124EE68988D3}.Release|Any CPU.Build.0 = Release|Any CPU
		{D68859E3-76F1-43EC-8DC7-FFC1B0304C19}.Debug|Any CPU.ActiveCfg = Debug|Any CPU
		{D68859E3-76F1-43EC-8DC7-FFC1B0304C19}.Debug|Any CPU.Build.0 = Debug|Any CPU
		{D68859E3-76F1-43EC-8DC7-FFC1B0304C19}.Release|Any CPU.ActiveCfg = Release|Any CPU
		{D68859E3-76F1-43EC-8DC7-FFC1B0304C19}.Release|Any CPU.Build.0 = Release|Any CPU
		{E00C3AEB-D3DB-425C-9C76-38704FF983CE}.Debug|Any CPU.ActiveCfg = Debug|Any CPU
		{E00C3AEB-D3DB-425C-9C76-38704FF983CE}.Debug|Any CPU.Build.0 = Debug|Any CPU
		{E00C3AEB-D3DB-425C-9C76-38704FF983CE}.Release|Any CPU.ActiveCfg = Release|Any CPU
		{E00C3AEB-D3DB-425C-9C76-38704FF983CE}.Release|Any CPU.Build.0 = Release|Any CPU
	EndGlobalSection
	GlobalSection(SolutionProperties) = preSolution
		HideSolutionNode = FALSE
	EndGlobalSection
	GlobalSection(ExtensibilityGlobals) = postSolution
		SolutionGuid = {2D20D279-9848-46E9-8759-8B9D535FBAD9}
	EndGlobalSection
EndGlobal
